
Microsoft Visual Studio Solution File, Format Version 12.00
# Visual Studio 15
VisualStudioVersion = 15.0.26124.0
MinimumVisualStudioVersion = 15.0.26124.0
Project("{2150E333-8FDC-42A3-9474-1A3956D46DE8}") = "src", "src", "{F1C3697A-14C7-44F4-BB2C-8F2874DD3C7D}"
EndProject
Project("{F2A71F9B-5D33-465A-A702-920D77279786}") = "Interpreter", "src\Interpreter\Interpreter.fsproj", "{2B2AF76F-D332-43DF-81EA-B5410493FA8B}"
EndProject
Project("{F2A71F9B-5D33-465A-A702-920D77279786}") = "Interpreter.Cli", "src\Interpreter.Cli\Interpreter.Cli.fsproj", "{FB0DA14A-D15A-49F2-B693-DEFE8D67057B}"
EndProject
Project("{2150E333-8FDC-42A3-9474-1A3956D46DE8}") = "tests", "tests", "{DDCA53F5-9626-4C73-9BDA-21A28CD98993}"
EndProject
Project("{F2A71F9B-5D33-465A-A702-920D77279786}") = "Interpreter.UnitTests", "tests\Interpreter.UnitTests\Interpreter.UnitTests.fsproj", "{04410448-2C89-48B9-AB7A-54FAC8CBDB0C}"
EndProject
Project("{F2A71F9B-5D33-465A-A702-920D77279786}") = "MatrixLib", "src\MatrixLib\MatrixLib.fsproj", "{055E1045-E7E8-457B-AC30-BA1C5B809A3F}"
EndProject
Project("{F2A71F9B-5D33-465A-A702-920D77279786}") = "Quadtrees", "src\Quadtrees\Quadtrees.fsproj", "{697637A8-17BC-4B15-A157-12EEC4DE8F12}"
EndProject
Project("{F2A71F9B-5D33-465A-A702-920D77279786}") = "Quadtrees.UnitTests", "tests\Quadtrees.UnitTests\Quadtrees.UnitTests.fsproj", "{3CA600A6-BF84-4896-B64E-90D62CAE38AB}"
EndProject
Global
	GlobalSection(SolutionConfigurationPlatforms) = preSolution
		Debug|Any CPU = Debug|Any CPU
		Debug|x64 = Debug|x64
		Debug|x86 = Debug|x86
		Release|Any CPU = Release|Any CPU
		Release|x64 = Release|x64
		Release|x86 = Release|x86
	EndGlobalSection
	GlobalSection(SolutionProperties) = preSolution
		HideSolutionNode = FALSE
	EndGlobalSection
	GlobalSection(ProjectConfigurationPlatforms) = postSolution
		{2B2AF76F-D332-43DF-81EA-B5410493FA8B}.Debug|Any CPU.ActiveCfg = Debug|Any CPU
		{2B2AF76F-D332-43DF-81EA-B5410493FA8B}.Debug|Any CPU.Build.0 = Debug|Any CPU
		{2B2AF76F-D332-43DF-81EA-B5410493FA8B}.Debug|x64.ActiveCfg = Debug|Any CPU
		{2B2AF76F-D332-43DF-81EA-B5410493FA8B}.Debug|x64.Build.0 = Debug|Any CPU
		{2B2AF76F-D332-43DF-81EA-B5410493FA8B}.Debug|x86.ActiveCfg = Debug|Any CPU
		{2B2AF76F-D332-43DF-81EA-B5410493FA8B}.Debug|x86.Build.0 = Debug|Any CPU
		{2B2AF76F-D332-43DF-81EA-B5410493FA8B}.Release|Any CPU.ActiveCfg = Release|Any CPU
		{2B2AF76F-D332-43DF-81EA-B5410493FA8B}.Release|Any CPU.Build.0 = Release|Any CPU
		{2B2AF76F-D332-43DF-81EA-B5410493FA8B}.Release|x64.ActiveCfg = Release|Any CPU
		{2B2AF76F-D332-43DF-81EA-B5410493FA8B}.Release|x64.Build.0 = Release|Any CPU
		{2B2AF76F-D332-43DF-81EA-B5410493FA8B}.Release|x86.ActiveCfg = Release|Any CPU
		{2B2AF76F-D332-43DF-81EA-B5410493FA8B}.Release|x86.Build.0 = Release|Any CPU
		{FB0DA14A-D15A-49F2-B693-DEFE8D67057B}.Debug|Any CPU.ActiveCfg = Debug|Any CPU
		{FB0DA14A-D15A-49F2-B693-DEFE8D67057B}.Debug|Any CPU.Build.0 = Debug|Any CPU
		{FB0DA14A-D15A-49F2-B693-DEFE8D67057B}.Debug|x64.ActiveCfg = Debug|Any CPU
		{FB0DA14A-D15A-49F2-B693-DEFE8D67057B}.Debug|x64.Build.0 = Debug|Any CPU
		{FB0DA14A-D15A-49F2-B693-DEFE8D67057B}.Debug|x86.ActiveCfg = Debug|Any CPU
		{FB0DA14A-D15A-49F2-B693-DEFE8D67057B}.Debug|x86.Build.0 = Debug|Any CPU
		{FB0DA14A-D15A-49F2-B693-DEFE8D67057B}.Release|Any CPU.ActiveCfg = Release|Any CPU
		{FB0DA14A-D15A-49F2-B693-DEFE8D67057B}.Release|Any CPU.Build.0 = Release|Any CPU
		{FB0DA14A-D15A-49F2-B693-DEFE8D67057B}.Release|x64.ActiveCfg = Release|Any CPU
		{FB0DA14A-D15A-49F2-B693-DEFE8D67057B}.Release|x64.Build.0 = Release|Any CPU
		{FB0DA14A-D15A-49F2-B693-DEFE8D67057B}.Release|x86.ActiveCfg = Release|Any CPU
		{FB0DA14A-D15A-49F2-B693-DEFE8D67057B}.Release|x86.Build.0 = Release|Any CPU
		{04410448-2C89-48B9-AB7A-54FAC8CBDB0C}.Debug|Any CPU.ActiveCfg = Debug|Any CPU
		{04410448-2C89-48B9-AB7A-54FAC8CBDB0C}.Debug|Any CPU.Build.0 = Debug|Any CPU
		{04410448-2C89-48B9-AB7A-54FAC8CBDB0C}.Debug|x64.ActiveCfg = Debug|Any CPU
		{04410448-2C89-48B9-AB7A-54FAC8CBDB0C}.Debug|x64.Build.0 = Debug|Any CPU
		{04410448-2C89-48B9-AB7A-54FAC8CBDB0C}.Debug|x86.ActiveCfg = Debug|Any CPU
		{04410448-2C89-48B9-AB7A-54FAC8CBDB0C}.Debug|x86.Build.0 = Debug|Any CPU
		{04410448-2C89-48B9-AB7A-54FAC8CBDB0C}.Release|Any CPU.ActiveCfg = Release|Any CPU
		{04410448-2C89-48B9-AB7A-54FAC8CBDB0C}.Release|Any CPU.Build.0 = Release|Any CPU
		{04410448-2C89-48B9-AB7A-54FAC8CBDB0C}.Release|x64.ActiveCfg = Release|Any CPU
		{04410448-2C89-48B9-AB7A-54FAC8CBDB0C}.Release|x64.Build.0 = Release|Any CPU
		{04410448-2C89-48B9-AB7A-54FAC8CBDB0C}.Release|x86.ActiveCfg = Release|Any CPU
		{04410448-2C89-48B9-AB7A-54FAC8CBDB0C}.Release|x86.Build.0 = Release|Any CPU
		{055E1045-E7E8-457B-AC30-BA1C5B809A3F}.Debug|Any CPU.ActiveCfg = Debug|Any CPU
		{055E1045-E7E8-457B-AC30-BA1C5B809A3F}.Debug|Any CPU.Build.0 = Debug|Any CPU
		{055E1045-E7E8-457B-AC30-BA1C5B809A3F}.Debug|x64.ActiveCfg = Debug|Any CPU
		{055E1045-E7E8-457B-AC30-BA1C5B809A3F}.Debug|x64.Build.0 = Debug|Any CPU
		{055E1045-E7E8-457B-AC30-BA1C5B809A3F}.Debug|x86.ActiveCfg = Debug|Any CPU
		{055E1045-E7E8-457B-AC30-BA1C5B809A3F}.Debug|x86.Build.0 = Debug|Any CPU
		{055E1045-E7E8-457B-AC30-BA1C5B809A3F}.Release|Any CPU.ActiveCfg = Release|Any CPU
		{055E1045-E7E8-457B-AC30-BA1C5B809A3F}.Release|Any CPU.Build.0 = Release|Any CPU
		{055E1045-E7E8-457B-AC30-BA1C5B809A3F}.Release|x64.ActiveCfg = Release|Any CPU
		{055E1045-E7E8-457B-AC30-BA1C5B809A3F}.Release|x64.Build.0 = Release|Any CPU
		{055E1045-E7E8-457B-AC30-BA1C5B809A3F}.Release|x86.ActiveCfg = Release|Any CPU
		{055E1045-E7E8-457B-AC30-BA1C5B809A3F}.Release|x86.Build.0 = Release|Any CPU
		{697637A8-17BC-4B15-A157-12EEC4DE8F12}.Debug|Any CPU.ActiveCfg = Debug|Any CPU
		{697637A8-17BC-4B15-A157-12EEC4DE8F12}.Debug|Any CPU.Build.0 = Debug|Any CPU
		{697637A8-17BC-4B15-A157-12EEC4DE8F12}.Debug|x64.ActiveCfg = Debug|Any CPU
		{697637A8-17BC-4B15-A157-12EEC4DE8F12}.Debug|x64.Build.0 = Debug|Any CPU
		{697637A8-17BC-4B15-A157-12EEC4DE8F12}.Debug|x86.ActiveCfg = Debug|Any CPU
		{697637A8-17BC-4B15-A157-12EEC4DE8F12}.Debug|x86.Build.0 = Debug|Any CPU
		{697637A8-17BC-4B15-A157-12EEC4DE8F12}.Release|Any CPU.ActiveCfg = Release|Any CPU
		{697637A8-17BC-4B15-A157-12EEC4DE8F12}.Release|Any CPU.Build.0 = Release|Any CPU
		{697637A8-17BC-4B15-A157-12EEC4DE8F12}.Release|x64.ActiveCfg = Release|Any CPU
		{697637A8-17BC-4B15-A157-12EEC4DE8F12}.Release|x64.Build.0 = Release|Any CPU
		{697637A8-17BC-4B15-A157-12EEC4DE8F12}.Release|x86.ActiveCfg = Release|Any CPU
		{697637A8-17BC-4B15-A157-12EEC4DE8F12}.Release|x86.Build.0 = Release|Any CPU
		{3CA600A6-BF84-4896-B64E-90D62CAE38AB}.Debug|Any CPU.ActiveCfg = Debug|Any CPU
		{3CA600A6-BF84-4896-B64E-90D62CAE38AB}.Debug|Any CPU.Build.0 = Debug|Any CPU
		{3CA600A6-BF84-4896-B64E-90D62CAE38AB}.Debug|x64.ActiveCfg = Debug|Any CPU
		{3CA600A6-BF84-4896-B64E-90D62CAE38AB}.Debug|x64.Build.0 = Debug|Any CPU
		{3CA600A6-BF84-4896-B64E-90D62CAE38AB}.Debug|x86.ActiveCfg = Debug|Any CPU
		{3CA600A6-BF84-4896-B64E-90D62CAE38AB}.Debug|x86.Build.0 = Debug|Any CPU
		{3CA600A6-BF84-4896-B64E-90D62CAE38AB}.Release|Any CPU.ActiveCfg = Release|Any CPU
		{3CA600A6-BF84-4896-B64E-90D62CAE38AB}.Release|Any CPU.Build.0 = Release|Any CPU
		{3CA600A6-BF84-4896-B64E-90D62CAE38AB}.Release|x64.ActiveCfg = Release|Any CPU
		{3CA600A6-BF84-4896-B64E-90D62CAE38AB}.Release|x64.Build.0 = Release|Any CPU
		{3CA600A6-BF84-4896-B64E-90D62CAE38AB}.Release|x86.ActiveCfg = Release|Any CPU
		{3CA600A6-BF84-4896-B64E-90D62CAE38AB}.Release|x86.Build.0 = Release|Any CPU
	EndGlobalSection
	GlobalSection(NestedProjects) = preSolution
		{2B2AF76F-D332-43DF-81EA-B5410493FA8B} = {F1C3697A-14C7-44F4-BB2C-8F2874DD3C7D}
		{FB0DA14A-D15A-49F2-B693-DEFE8D67057B} = {F1C3697A-14C7-44F4-BB2C-8F2874DD3C7D}
		{04410448-2C89-48B9-AB7A-54FAC8CBDB0C} = {DDCA53F5-9626-4C73-9BDA-21A28CD98993}
		{055E1045-E7E8-457B-AC30-BA1C5B809A3F} = {F1C3697A-14C7-44F4-BB2C-8F2874DD3C7D}
		{697637A8-17BC-4B15-A157-12EEC4DE8F12} = {F1C3697A-14C7-44F4-BB2C-8F2874DD3C7D}
		{3CA600A6-BF84-4896-B64E-90D62CAE38AB} = {DDCA53F5-9626-4C73-9BDA-21A28CD98993}
	EndGlobalSection
EndGlobal
