
Microsoft Visual Studio Solution File, Format Version 12.00
# Visual Studio 15
VisualStudioVersion = 15.0.26124.0
MinimumVisualStudioVersion = 15.0.26124.0
Project("{2150E333-8FDC-42A3-9474-1A3956D46DE8}") = "src", "src", "{F1C3697A-14C7-44F4-BB2C-8F2874DD3C7D}"
EndProject
Project("{F2A71F9B-5D33-465A-A702-920D77279786}") = "Interpreter", "src\Interpreter\Interpreter.fsproj", "{2B2AF76F-D332-43DF-81EA-B5410493FA8B}"
EndProject
Project("{F2A71F9B-5D33-465A-A702-920D77279786}") = "Interpreter.Cli", "src\Interpreter.Cli\Interpreter.Cli.fsproj", "{FB0DA14A-D15A-49F2-B693-DEFE8D67057B}"
EndProject
Project("{2150E333-8FDC-42A3-9474-1A3956D46DE8}") = "tests", "tests", "{DDCA53F5-9626-4C73-9BDA-21A28CD98993}"
EndProject
Project("{F2A71F9B-5D33-465A-A702-920D77279786}") = "Interpreter.UnitTests", "tests\Interpreter.UnitTests\Interpreter.UnitTests.fsproj", "{04410448-2C89-48B9-AB7A-54FAC8CBDB0C}"
EndProject
Project("{F2A71F9B-5D33-465A-A702-920D77279786}") = "MatrixLib", "quadtrees\src\MatrixLib\MatrixLib.fsproj", "{D27B78F9-7253-40A6-8080-069BC578E4D8}"
EndProject
Project("{F2A71F9B-5D33-465A-A702-920D77279786}") = "PointRegionQuadtree", "quadtrees\src\PointRegionQuadtree\PointRegionQuadtree.fsproj", "{B7D0E7E0-B140-491F-92D8-745A15161960}"
EndProject
Project("{2150E333-8FDC-42A3-9474-1A3956D46DE8}") = "qtMatrix", "qtMatrix", "{7765A2FD-0AE0-4E5E-9EC5-484EC0D1D0A7}"
EndProject
Global
	GlobalSection(SolutionConfigurationPlatforms) = preSolution
		Debug|Any CPU = Debug|Any CPU
		Debug|x64 = Debug|x64
		Debug|x86 = Debug|x86
		Release|Any CPU = Release|Any CPU
		Release|x64 = Release|x64
		Release|x86 = Release|x86
	EndGlobalSection
	GlobalSection(SolutionProperties) = preSolution
		HideSolutionNode = FALSE
	EndGlobalSection
	GlobalSection(ProjectConfigurationPlatforms) = postSolution
		{2B2AF76F-D332-43DF-81EA-B5410493FA8B}.Debug|Any CPU.ActiveCfg = Debug|Any CPU
		{2B2AF76F-D332-43DF-81EA-B5410493FA8B}.Debug|Any CPU.Build.0 = Debug|Any CPU
		{2B2AF76F-D332-43DF-81EA-B5410493FA8B}.Debug|x64.ActiveCfg = Debug|Any CPU
		{2B2AF76F-D332-43DF-81EA-B5410493FA8B}.Debug|x64.Build.0 = Debug|Any CPU
		{2B2AF76F-D332-43DF-81EA-B5410493FA8B}.Debug|x86.ActiveCfg = Debug|Any CPU
		{2B2AF76F-D332-43DF-81EA-B5410493FA8B}.Debug|x86.Build.0 = Debug|Any CPU
		{2B2AF76F-D332-43DF-81EA-B5410493FA8B}.Release|Any CPU.ActiveCfg = Release|Any CPU
		{2B2AF76F-D332-43DF-81EA-B5410493FA8B}.Release|Any CPU.Build.0 = Release|Any CPU
		{2B2AF76F-D332-43DF-81EA-B5410493FA8B}.Release|x64.ActiveCfg = Release|Any CPU
		{2B2AF76F-D332-43DF-81EA-B5410493FA8B}.Release|x64.Build.0 = Release|Any CPU
		{2B2AF76F-D332-43DF-81EA-B5410493FA8B}.Release|x86.ActiveCfg = Release|Any CPU
		{2B2AF76F-D332-43DF-81EA-B5410493FA8B}.Release|x86.Build.0 = Release|Any CPU
		{FB0DA14A-D15A-49F2-B693-DEFE8D67057B}.Debug|Any CPU.ActiveCfg = Debug|Any CPU
		{FB0DA14A-D15A-49F2-B693-DEFE8D67057B}.Debug|Any CPU.Build.0 = Debug|Any CPU
		{FB0DA14A-D15A-49F2-B693-DEFE8D67057B}.Debug|x64.ActiveCfg = Debug|Any CPU
		{FB0DA14A-D15A-49F2-B693-DEFE8D67057B}.Debug|x64.Build.0 = Debug|Any CPU
		{FB0DA14A-D15A-49F2-B693-DEFE8D67057B}.Debug|x86.ActiveCfg = Debug|Any CPU
		{FB0DA14A-D15A-49F2-B693-DEFE8D67057B}.Debug|x86.Build.0 = Debug|Any CPU
		{FB0DA14A-D15A-49F2-B693-DEFE8D67057B}.Release|Any CPU.ActiveCfg = Release|Any CPU
		{FB0DA14A-D15A-49F2-B693-DEFE8D67057B}.Release|Any CPU.Build.0 = Release|Any CPU
		{FB0DA14A-D15A-49F2-B693-DEFE8D67057B}.Release|x64.ActiveCfg = Release|Any CPU
		{FB0DA14A-D15A-49F2-B693-DEFE8D67057B}.Release|x64.Build.0 = Release|Any CPU
		{FB0DA14A-D15A-49F2-B693-DEFE8D67057B}.Release|x86.ActiveCfg = Release|Any CPU
		{FB0DA14A-D15A-49F2-B693-DEFE8D67057B}.Release|x86.Build.0 = Release|Any CPU
		{04410448-2C89-48B9-AB7A-54FAC8CBDB0C}.Debug|Any CPU.ActiveCfg = Debug|Any CPU
		{04410448-2C89-48B9-AB7A-54FAC8CBDB0C}.Debug|Any CPU.Build.0 = Debug|Any CPU
		{04410448-2C89-48B9-AB7A-54FAC8CBDB0C}.Debug|x64.ActiveCfg = Debug|Any CPU
		{04410448-2C89-48B9-AB7A-54FAC8CBDB0C}.Debug|x64.Build.0 = Debug|Any CPU
		{04410448-2C89-48B9-AB7A-54FAC8CBDB0C}.Debug|x86.ActiveCfg = Debug|Any CPU
		{04410448-2C89-48B9-AB7A-54FAC8CBDB0C}.Debug|x86.Build.0 = Debug|Any CPU
		{04410448-2C89-48B9-AB7A-54FAC8CBDB0C}.Release|Any CPU.ActiveCfg = Release|Any CPU
		{04410448-2C89-48B9-AB7A-54FAC8CBDB0C}.Release|Any CPU.Build.0 = Release|Any CPU
		{04410448-2C89-48B9-AB7A-54FAC8CBDB0C}.Release|x64.ActiveCfg = Release|Any CPU
		{04410448-2C89-48B9-AB7A-54FAC8CBDB0C}.Release|x64.Build.0 = Release|Any CPU
		{04410448-2C89-48B9-AB7A-54FAC8CBDB0C}.Release|x86.ActiveCfg = Release|Any CPU
		{04410448-2C89-48B9-AB7A-54FAC8CBDB0C}.Release|x86.Build.0 = Release|Any CPU
		{D27B78F9-7253-40A6-8080-069BC578E4D8}.Debug|Any CPU.ActiveCfg = Debug|Any CPU
		{D27B78F9-7253-40A6-8080-069BC578E4D8}.Debug|Any CPU.Build.0 = Debug|Any CPU
		{D27B78F9-7253-40A6-8080-069BC578E4D8}.Debug|x64.ActiveCfg = Debug|Any CPU
		{D27B78F9-7253-40A6-8080-069BC578E4D8}.Debug|x64.Build.0 = Debug|Any CPU
		{D27B78F9-7253-40A6-8080-069BC578E4D8}.Debug|x86.ActiveCfg = Debug|Any CPU
		{D27B78F9-7253-40A6-8080-069BC578E4D8}.Debug|x86.Build.0 = Debug|Any CPU
		{D27B78F9-7253-40A6-8080-069BC578E4D8}.Release|Any CPU.ActiveCfg = Release|Any CPU
		{D27B78F9-7253-40A6-8080-069BC578E4D8}.Release|Any CPU.Build.0 = Release|Any CPU
		{D27B78F9-7253-40A6-8080-069BC578E4D8}.Release|x64.ActiveCfg = Release|Any CPU
		{D27B78F9-7253-40A6-8080-069BC578E4D8}.Release|x64.Build.0 = Release|Any CPU
		{D27B78F9-7253-40A6-8080-069BC578E4D8}.Release|x86.ActiveCfg = Release|Any CPU
		{D27B78F9-7253-40A6-8080-069BC578E4D8}.Release|x86.Build.0 = Release|Any CPU
		{B7D0E7E0-B140-491F-92D8-745A15161960}.Debug|Any CPU.ActiveCfg = Debug|Any CPU
		{B7D0E7E0-B140-491F-92D8-745A15161960}.Debug|Any CPU.Build.0 = Debug|Any CPU
		{B7D0E7E0-B140-491F-92D8-745A15161960}.Debug|x64.ActiveCfg = Debug|Any CPU
		{B7D0E7E0-B140-491F-92D8-745A15161960}.Debug|x64.Build.0 = Debug|Any CPU
		{B7D0E7E0-B140-491F-92D8-745A15161960}.Debug|x86.ActiveCfg = Debug|Any CPU
		{B7D0E7E0-B140-491F-92D8-745A15161960}.Debug|x86.Build.0 = Debug|Any CPU
		{B7D0E7E0-B140-491F-92D8-745A15161960}.Release|Any CPU.ActiveCfg = Release|Any CPU
		{B7D0E7E0-B140-491F-92D8-745A15161960}.Release|Any CPU.Build.0 = Release|Any CPU
		{B7D0E7E0-B140-491F-92D8-745A15161960}.Release|x64.ActiveCfg = Release|Any CPU
		{B7D0E7E0-B140-491F-92D8-745A15161960}.Release|x64.Build.0 = Release|Any CPU
		{B7D0E7E0-B140-491F-92D8-745A15161960}.Release|x86.ActiveCfg = Release|Any CPU
		{B7D0E7E0-B140-491F-92D8-745A15161960}.Release|x86.Build.0 = Release|Any CPU
	EndGlobalSection
	GlobalSection(NestedProjects) = preSolution
		{2B2AF76F-D332-43DF-81EA-B5410493FA8B} = {F1C3697A-14C7-44F4-BB2C-8F2874DD3C7D}
		{FB0DA14A-D15A-49F2-B693-DEFE8D67057B} = {F1C3697A-14C7-44F4-BB2C-8F2874DD3C7D}
		{04410448-2C89-48B9-AB7A-54FAC8CBDB0C} = {DDCA53F5-9626-4C73-9BDA-21A28CD98993}
		{D27B78F9-7253-40A6-8080-069BC578E4D8} = {7765A2FD-0AE0-4E5E-9EC5-484EC0D1D0A7}
		{B7D0E7E0-B140-491F-92D8-745A15161960} = {7765A2FD-0AE0-4E5E-9EC5-484EC0D1D0A7}
	EndGlobalSection
EndGlobal
